
Microsoft Visual Studio Solution File, Format Version 11.00
# Visual Studio 2010
Project("{FAE04EC0-301F-11D3-BF4B-00C04F79EFBC}") = "NativeGallery.Runtime", "NativeGallery.Runtime.csproj", "{7543758d-c622-18b8-b44b-5ca9f71eeb83}"
EndProject
Project("{FAE04EC0-301F-11D3-BF4B-00C04F79EFBC}") = "Assembly-CSharp", "Assembly-CSharp.csproj", "{0f28521f-4794-9f20-8ae9-5a30e1553077}"
EndProject
Project("{FAE04EC0-301F-11D3-BF4B-00C04F79EFBC}") = "NativeGallery.Editor", "NativeGallery.Editor.csproj", "{28c3c6fb-cc50-43e7-0a30-b1e91e185779}"
EndProject
Global
	GlobalSection(SolutionConfigurationPlatforms) = preSolution
		Debug|Any CPU = Debug|Any CPU
	EndGlobalSection
	GlobalSection(ProjectConfigurationPlatforms) = postSolution
		{7543758d-c622-18b8-b44b-5ca9f71eeb83}.Debug|Any CPU.ActiveCfg = Debug|Any CPU
		{7543758d-c622-18b8-b44b-5ca9f71eeb83}.Debug|Any CPU.Build.0 = Debug|Any CPU
		{0f28521f-4794-9f20-8ae9-5a30e1553077}.Debug|Any CPU.ActiveCfg = Debug|Any CPU
		{0f28521f-4794-9f20-8ae9-5a30e1553077}.Debug|Any CPU.Build.0 = Debug|Any CPU
		{28c3c6fb-cc50-43e7-0a30-b1e91e185779}.Debug|Any CPU.ActiveCfg = Debug|Any CPU
		{28c3c6fb-cc50-43e7-0a30-b1e91e185779}.Debug|Any CPU.Build.0 = Debug|Any CPU
	EndGlobalSection
	GlobalSection(SolutionProperties) = preSolution
		HideSolutionNode = FALSE
	EndGlobalSection
EndGlobal
